
Microsoft Visual Studio Solution File, Format Version 12.00
# Visual Studio Version 17
VisualStudioVersion = 17.4.33205.214
MinimumVisualStudioVersion = 10.0.40219.1
Project("{FAE04EC0-301F-11D3-BF4B-00C04F79EFBC}") = "Atividade01", "Atividade01\Atividade01.csproj", "{AE42CA88-917F-4AD9-A9EC-55ECAACB3480}"
EndProject
Global
	GlobalSection(SolutionConfigurationPlatforms) = preSolution
		Debug|Any CPU = Debug|Any CPU
		Release|Any CPU = Release|Any CPU
	EndGlobalSection
	GlobalSection(ProjectConfigurationPlatforms) = postSolution
		{AE42CA88-917F-4AD9-A9EC-55ECAACB3480}.Debug|Any CPU.ActiveCfg = Debug|Any CPU
		{AE42CA88-917F-4AD9-A9EC-55ECAACB3480}.Debug|Any CPU.Build.0 = Debug|Any CPU
		{AE42CA88-917F-4AD9-A9EC-55ECAACB3480}.Release|Any CPU.ActiveCfg = Release|Any CPU
		{AE42CA88-917F-4AD9-A9EC-55ECAACB3480}.Release|Any CPU.Build.0 = Release|Any CPU
	EndGlobalSection
	GlobalSection(SolutionProperties) = preSolution
		HideSolutionNode = FALSE
	EndGlobalSection
	GlobalSection(ExtensibilityGlobals) = postSolution
		SolutionGuid = {8206F3C6-53D6-40F4-A718-A5E0B14D03A0}
	EndGlobalSection
EndGlobal
