
Microsoft Visual Studio Solution File, Format Version 12.00
# Visual Studio Version 17
VisualStudioVersion = 17.4.33205.214
MinimumVisualStudioVersion = 10.0.40219.1
Project("{FAE04EC0-301F-11D3-BF4B-00C04F79EFBC}") = "Atividade03 - .NET", "Atividade03 - .NET\Atividade03 - .NET.csproj", "{44FD70A6-788B-4531-95DF-88728693199A}"
EndProject
Global
	GlobalSection(SolutionConfigurationPlatforms) = preSolution
		Debug|Any CPU = Debug|Any CPU
		Release|Any CPU = Release|Any CPU
	EndGlobalSection
	GlobalSection(ProjectConfigurationPlatforms) = postSolution
		{44FD70A6-788B-4531-95DF-88728693199A}.Debug|Any CPU.ActiveCfg = Debug|Any CPU
		{44FD70A6-788B-4531-95DF-88728693199A}.Debug|Any CPU.Build.0 = Debug|Any CPU
		{44FD70A6-788B-4531-95DF-88728693199A}.Release|Any CPU.ActiveCfg = Release|Any CPU
		{44FD70A6-788B-4531-95DF-88728693199A}.Release|Any CPU.Build.0 = Release|Any CPU
	EndGlobalSection
	GlobalSection(SolutionProperties) = preSolution
		HideSolutionNode = FALSE
	EndGlobalSection
	GlobalSection(ExtensibilityGlobals) = postSolution
		SolutionGuid = {3BD4773D-C9D5-49A6-BA31-BAEAF0694117}
	EndGlobalSection
EndGlobal
